<?xml version="1.0" encoding="utf-8"?>
<Project ToolsVersion="15.0" xmlns="http://schemas.microsoft.com/developer/msbuild/2003">
  <ItemGroup>
    <Filter Include="Resources">
      <UniqueIdentifier>accd3aa8-1ba0-4223-9bbe-0c431709210b</UniqueIdentifier>
      <Extensions>rc;ico;cur;bmp;dlg;rc2;rct;bin;rgs;gif;jpg;jpeg;jpe;resx;tga;tiff;tif;png;wav;mfcribbon-ms</Extensions>
    </Filter>
    <Filter Include="Generated Files">
      <UniqueIdentifier>{926ab91d-31b4-48c3-b9a4-e681349f27f0}</UniqueIdentifier>
    </Filter>
    <Filter Include="Types">
      <UniqueIdentifier>{6d1e2b74-1f3a-4c8b-9d21-8a5c0f3e7b64}</UniqueIdentifier>
      <Extensions>h;idl</Extensions>
    </Filter>
    <Filter Include="Events">
      <UniqueIdentifier>{3f7a9c25-6b48-4e19-a2d3-5c8e1b43f907}</UniqueIdentifier>
      <Extensions>h;idl</Extensions>
    </Filter>
  </ItemGroup>
  <ItemGroup>
    <ClCompile Include="pch.cpp" />
    <ClCompile Include="MpvPlayer.cpp" />
    <ClCompile Include="MpvPreviewer.cpp" />
    <ClCompile Include="$(GeneratedFilesDir)module.g.cpp" />
  </ItemGroup>
  <ItemGroup>
    <ClInclude Include="pch.h" />
    <ClInclude Include="MpvPlayer.h" />
    <ClInclude Include="MpvPreviewer.h" />
    <ClInclude Include="Types\MpvPlaylistItem.h">
      <Filter>Types</Filter>
    </ClInclude>
    <ClInclude Include="Types\MpvChapter.h">
      <Filter>Types</Filter>
    </ClInclude>
    <ClInclude Include="Types\MpvEdition.h">
      <Filter>Types</Filter>
    </ClInclude>
    <ClInclude Include="Types\MpvAudioDevice.h">
      <Filter>Types</Filter>
    </ClInclude>
    <ClInclude Include="Types\MpvProfile.h">
      <Filter>Types</Filter>
    </ClInclude>
    <ClInclude Include="Types\MpvMenuItem.h">
      <Filter>Types</Filter>
    </ClInclude>
    <ClInclude Include="Types\MpvTrack.h">
      <Filter>Types</Filter>
    </ClInclude>
    <ClInclude Include="Types\MpvGpuAdapter.h">
      <Filter>Types</Filter>
    </ClInclude>
    <ClInclude Include="Events\MpvLogEventArgs.h">
      <Filter>Events</Filter>
    </ClInclude>
    <ClInclude Include="Events\PlaybackFailedEventArgs.h">
      <Filter>Events</Filter>
    </ClInclude>
    <ClInclude Include="Events\PlaybackStateChangedEventArgs.h">
      <Filter>Events</Filter>
    </ClInclude>
    <ClInclude Include="Events\VolumeChangedEventArgs.h">
      <Filter>Events</Filter>
    </ClInclude>
    <ClInclude Include="Events\PositionChangedEventArgs.h">
      <Filter>Events</Filter>
    </ClInclude>
    <ClInclude Include="Events\SpeedChangedEventArgs.h">
      <Filter>Events</Filter>
    </ClInclude>
    <ClInclude Include="Events\MediaInfoChangedEventArgs.h">
      <Filter>Events</Filter>
    </ClInclude>
    <ClInclude Include="Events\NetworkInfoChangedEventArgs.h">
      <Filter>Events</Filter>
    </ClInclude>
    <ClInclude Include="Events\FileFailedEventArgs.h">
      <Filter>Events</Filter>
    </ClInclude>
    <ClInclude Include="Events\TrackListChangedEventArgs.h">
      <Filter>Events</Filter>
    </ClInclude>
    <ClInclude Include="Events\TrackListCountChangedEventArgs.h">
      <Filter>Events</Filter>
    </ClInclude>
    <ClInclude Include="Events\WindowChangedEventArgs.h">
      <Filter>Events</Filter>
    </ClInclude>
  </ItemGroup>
  <ItemGroup>
    <Midl Include="MpvPlayer.idl" />
    <Midl Include="MpvPreviewer.idl" />
    <Midl Include="Types\TrackType.idl">
      <Filter>Types</Filter>
    </Midl>
    <Midl Include="Types\DisplayColorKind.idl">
      <Filter>Types</Filter>
    </Midl>
    <Midl Include="Types\DiscType.idl">
      <Filter>Types</Filter>
    </Midl>
    <Midl Include="Types\MpvPlaylistItem.idl">
      <Filter>Types</Filter>
    </Midl>
    <Midl Include="Types\MpvChapter.idl">
      <Filter>Types</Filter>
    </Midl>
    <Midl Include="Types\MpvEdition.idl">
      <Filter>Types</Filter>
    </Midl>
    <Midl Include="Types\MpvAudioDevice.idl">
      <Filter>Types</Filter>
    </Midl>
    <Midl Include="Types\MpvProfile.idl">
      <Filter>Types</Filter>
    </Midl>
    <Midl Include="Types\MpvMenuItem.idl">
      <Filter>Types</Filter>
    </Midl>
    <Midl Include="Types\MpvTrack.idl">
      <Filter>Types</Filter>
    </Midl>
    <Midl Include="Types\MpvGpuAdapter.idl">
      <Filter>Types</Filter>
    </Midl>
    <Midl Include="Events\MpvLogEventArgs.idl">
      <Filter>Events</Filter>
    </Midl>
    <Midl Include="Events\PlaybackFailedEventArgs.idl">
      <Filter>Events</Filter>
    </Midl>
    <Midl Include="Events\PlaybackStateChangedEventArgs.idl">
      <Filter>Events</Filter>
    </Midl>
    <Midl Include="Events\VolumeChangedEventArgs.idl">
      <Filter>Events</Filter>
    </Midl>
    <Midl Include="Events\PositionChangedEventArgs.idl">
      <Filter>Events</Filter>
    </Midl>
    <Midl Include="Events\SpeedChangedEventArgs.idl">
      <Filter>Events</Filter>
    </Midl>
    <Midl Include="Events\MediaInfoChangedEventArgs.idl">
      <Filter>Events</Filter>
    </Midl>
    <Midl Include="Events\NetworkInfoChangedEventArgs.idl">
      <Filter>Events</Filter>
    </Midl>
    <Midl Include="Events\FileFailedEventArgs.idl">
      <Filter>Events</Filter>
    </Midl>
    <Midl Include="Events\TrackListChangedEventArgs.idl">
      <Filter>Events</Filter>
    </Midl>
    <Midl Include="Events\TrackListCountChangedEventArgs.idl">
      <Filter>Events</Filter>
    </Midl>
    <Midl Include="Events\WindowChangedEventArgs.idl">
      <Filter>Events</Filter>
    </Midl>
  </ItemGroup>
  <ItemGroup>
    <None Include="mpv_winrt.def" />
    <None Include="packages.config" />
    <None Include="Directory.Build.props" />
    <None Include="HybridCRT.props" />
  </ItemGroup>
  <ItemGroup>
    <Text Include="readme.txt" />
  </ItemGroup>
  <ItemGroup>
    <Natvis Include="$(MSBuildThisFileDirectory)..\..\natvis\wil.natvis" />
    <Natvis Include="$(MSBuildThisFileDirectory)..\..\natvis\wil.natstepfilter" />
  </ItemGroup>
</Project>
