<?xml version="1.0" encoding="utf-8"?>
<Project ToolsVersion="15.0" xmlns="http://schemas.microsoft.com/developer/msbuild/2003">
  <ItemGroup>
    <Filter Include="Resources">
      <UniqueIdentifier>accd3aa8-1ba0-4223-9bbe-0c431709210b</UniqueIdentifier>
      <Extensions>rc;ico;cur;bmp;dlg;rc2;rct;bin;rgs;gif;jpg;jpeg;jpe;resx;tga;tiff;tif;png;wav;mfcribbon-ms</Extensions>
    </Filter>
    <Filter Include="Generated Files">
      <UniqueIdentifier>{926ab91d-31b4-48c3-b9a4-e681349f27f0}</UniqueIdentifier>
    </Filter>
  </ItemGroup>
  <ItemGroup>
    <ClCompile Include="pch.cpp" />
    <ClCompile Include="MpvPlayer.cpp" />
    <ClCompile Include="MpvPreviewer.cpp" />
    <ClCompile Include="$(GeneratedFilesDir)module.g.cpp" />
  </ItemGroup>
  <ItemGroup>
    <ClInclude Include="pch.h" />
    <ClInclude Include="MpvPlayer.h" />
    <ClInclude Include="MpvPreviewer.h" />
    <ClInclude Include="MpvPlaylistItem.h" />
    <ClInclude Include="MpvChapter.h" />
    <ClInclude Include="MpvEdition.h" />
    <ClInclude Include="MpvAudioDevice.h" />
    <ClInclude Include="MpvProfile.h" />
    <ClInclude Include="MpvMenuItem.h" />
    <ClInclude Include="MpvTrack.h" />
    <ClInclude Include="PlaybackStateChangedEventArgs.h" />
    <ClInclude Include="VolumeChangedEventArgs.h" />
    <ClInclude Include="PositionChangedEventArgs.h" />
    <ClInclude Include="SpeedChangedEventArgs.h" />
    <ClInclude Include="MediaInfoChangedEventArgs.h" />
    <ClInclude Include="NetworkInfoChangedEventArgs.h" />
    <ClInclude Include="FileFailedEventArgs.h" />
    <ClInclude Include="TrackListChangedEventArgs.h" />
    <ClInclude Include="TrackListCountChangedEventArgs.h" />
    <ClInclude Include="WindowChangedEventArgs.h" />
  </ItemGroup>
  <ItemGroup>
    <Midl Include="MpvPlayer.idl" />
    <Midl Include="MpvPreviewer.idl" />
    <Midl Include="TrackType.idl" />
    <Midl Include="MpvPlaylistItem.idl" />
    <Midl Include="MpvChapter.idl" />
    <Midl Include="MpvEdition.idl" />
    <Midl Include="MpvAudioDevice.idl" />
    <Midl Include="MpvProfile.idl" />
    <Midl Include="MpvMenuItem.idl" />
    <Midl Include="MpvTrack.idl" />
    <Midl Include="PlaybackStateChangedEventArgs.idl" />
    <Midl Include="VolumeChangedEventArgs.idl" />
    <Midl Include="PositionChangedEventArgs.idl" />
    <Midl Include="SpeedChangedEventArgs.idl" />
    <Midl Include="MediaInfoChangedEventArgs.idl" />
    <Midl Include="NetworkInfoChangedEventArgs.idl" />
    <Midl Include="FileFailedEventArgs.idl" />
    <Midl Include="TrackListChangedEventArgs.idl" />
    <Midl Include="TrackListCountChangedEventArgs.idl" />
    <Midl Include="WindowChangedEventArgs.idl" />
    <Midl Include="DisplayColorKind.idl" />
    <Midl Include="DiscType.idl" />
  </ItemGroup>
  <ItemGroup>
    <None Include="mpv_winrt.def" />
    <None Include="packages.config" />
    <None Include="Directory.Build.props" />
    <None Include="HybridCRT.props" />
  </ItemGroup>
  <ItemGroup>
    <Text Include="readme.txt" />
  </ItemGroup>
  <ItemGroup>
    <Natvis Include="$(MSBuildThisFileDirectory)..\..\natvis\wil.natvis" />
    <Natvis Include="$(MSBuildThisFileDirectory)..\..\natvis\wil.natstepfilter" />
  </ItemGroup>
</Project>